
Microsoft Visual Studio Solution File, Format Version 12.00
# Visual Studio Version 16
VisualStudioVersion = 16.0.31313.79
MinimumVisualStudioVersion = 10.0.40219.1
Project("{FAE04EC0-301F-11D3-BF4B-00C04F79EFBC}") = "Mafmax.RollingRetention.App", "Mafmax.RollingRetention.App\Mafmax.RollingRetention.App.csproj", "{6B7D5804-A685-4DC1-B9E5-DDEFD4A5B21D}"
EndProject
Global
	GlobalSection(SolutionConfigurationPlatforms) = preSolution
		Debug|Any CPU = Debug|Any CPU
		Release|Any CPU = Release|Any CPU
	EndGlobalSection
	GlobalSection(ProjectConfigurationPlatforms) = postSolution
		{6B7D5804-A685-4DC1-B9E5-DDEFD4A5B21D}.Debug|Any CPU.ActiveCfg = Debug|Any CPU
		{6B7D5804-A685-4DC1-B9E5-DDEFD4A5B21D}.Debug|Any CPU.Build.0 = Debug|Any CPU
		{6B7D5804-A685-4DC1-B9E5-DDEFD4A5B21D}.Release|Any CPU.ActiveCfg = Release|Any CPU
		{6B7D5804-A685-4DC1-B9E5-DDEFD4A5B21D}.Release|Any CPU.Build.0 = Release|Any CPU
	EndGlobalSection
	GlobalSection(SolutionProperties) = preSolution
		HideSolutionNode = FALSE
	EndGlobalSection
	GlobalSection(ExtensibilityGlobals) = postSolution
		SolutionGuid = {D949FB3C-996E-4084-8691-E50ECE4214C3}
	EndGlobalSection
EndGlobal
